// !$*UTF8*$!
{
	archiveVersion = 1;
	classes = {
	};
	objectVersion = 46;
	objects = {

/* Begin PBXBuildFile section */
		86034112161BB7380062F38D /* UIKit.framework in Frameworks */ = {isa = PBXBuildFile; fileRef = 86034111161BB7380062F38D /* UIKit.framework */; };
		86034114161BB7380062F38D /* Foundation.framework in Frameworks */ = {isa = PBXBuildFile; fileRef = 86034113161BB7380062F38D /* Foundation.framework */; };
		86034116161BB7380062F38D /* CoreGraphics.framework in Frameworks */ = {isa = PBXBuildFile; fileRef = 86034115161BB7380062F38D /* CoreGraphics.framework */; };
		86034118161BB7380062F38D /* CoreData.framework in Frameworks */ = {isa = PBXBuildFile; fileRef = 86034117161BB7380062F38D /* CoreData.framework */; };
		8603411E161BB7380062F38D /* InfoPlist.strings in Resources */ = {isa = PBXBuildFile; fileRef = 8603411C161BB7380062F38D /* InfoPlist.strings */; };
		86034120161BB7380062F38D /* main.m in Sources */ = {isa = PBXBuildFile; fileRef = 8603411F161BB7380062F38D /* main.m */; };
		86034124161BB7380062F38D /* RNAppDelegate.m in Sources */ = {isa = PBXBuildFile; fileRef = 86034123161BB7380062F38D /* RNAppDelegate.m */; };
		8603412D161BB7380062F38D /* RNBoilerplate.xcdatamodeld in Sources */ = {isa = PBXBuildFile; fileRef = 8603412B161BB7380062F38D /* RNBoilerplate.xcdatamodeld */; };
		86034135161BB7380062F38D /* SenTestingKit.framework in Frameworks */ = {isa = PBXBuildFile; fileRef = 86034134161BB7380062F38D /* SenTestingKit.framework */; };
		86034136161BB7380062F38D /* UIKit.framework in Frameworks */ = {isa = PBXBuildFile; fileRef = 86034111161BB7380062F38D /* UIKit.framework */; };
		86034137161BB7380062F38D /* Foundation.framework in Frameworks */ = {isa = PBXBuildFile; fileRef = 86034113161BB7380062F38D /* Foundation.framework */; };
		86034138161BB7380062F38D /* CoreData.framework in Frameworks */ = {isa = PBXBuildFile; fileRef = 86034117161BB7380062F38D /* CoreData.framework */; };
		86034140161BB7380062F38D /* InfoPlist.strings in Resources */ = {isa = PBXBuildFile; fileRef = 8603413E161BB7380062F38D /* InfoPlist.strings */; };
		86034143161BB7380062F38D /* RNBoilerplateTests.m in Sources */ = {isa = PBXBuildFile; fileRef = 86034142161BB7380062F38D /* RNBoilerplateTests.m */; };
		86034160161BBBF30062F38D /* AFHTTPClient.m in Sources */ = {isa = PBXBuildFile; fileRef = 8603414E161BBBF30062F38D /* AFHTTPClient.m */; };
		86034161161BBBF30062F38D /* AFHTTPRequestOperation.m in Sources */ = {isa = PBXBuildFile; fileRef = 86034150161BBBF30062F38D /* AFHTTPRequestOperation.m */; };
		86034162161BBBF30062F38D /* AFImageRequestOperation.m in Sources */ = {isa = PBXBuildFile; fileRef = 86034152161BBBF30062F38D /* AFImageRequestOperation.m */; };
		86034163161BBBF30062F38D /* AFJSONRequestOperation.m in Sources */ = {isa = PBXBuildFile; fileRef = 86034154161BBBF30062F38D /* AFJSONRequestOperation.m */; };
		86034164161BBBF30062F38D /* AFNetworkActivityIndicatorManager.m in Sources */ = {isa = PBXBuildFile; fileRef = 86034156161BBBF30062F38D /* AFNetworkActivityIndicatorManager.m */; };
		86034165161BBBF30062F38D /* AFPropertyListRequestOperation.m in Sources */ = {isa = PBXBuildFile; fileRef = 86034159161BBBF30062F38D /* AFPropertyListRequestOperation.m */; };
		86034166161BBBF30062F38D /* AFURLConnectionOperation.m in Sources */ = {isa = PBXBuildFile; fileRef = 8603415B161BBBF30062F38D /* AFURLConnectionOperation.m */; };
		86034167161BBBF30062F38D /* AFXMLRequestOperation.m in Sources */ = {isa = PBXBuildFile; fileRef = 8603415D161BBBF30062F38D /* AFXMLRequestOperation.m */; };
		86034168161BBBF30062F38D /* UIImageView+AFNetworking.m in Sources */ = {isa = PBXBuildFile; fileRef = 8603415F161BBBF30062F38D /* UIImageView+AFNetworking.m */; };
		8603417D161BBC0C0062F38D /* DDASLLogger.m in Sources */ = {isa = PBXBuildFile; fileRef = 86034176161BBC0C0062F38D /* DDASLLogger.m */; settings = {COMPILER_FLAGS = "-w"; }; };
		8603417E161BBC0C0062F38D /* DDFileLogger.m in Sources */ = {isa = PBXBuildFile; fileRef = 86034178161BBC0C0062F38D /* DDFileLogger.m */; settings = {COMPILER_FLAGS = "-w"; }; };
		8603417F161BBC0C0062F38D /* DDLog.m in Sources */ = {isa = PBXBuildFile; fileRef = 8603417A161BBC0C0062F38D /* DDLog.m */; settings = {COMPILER_FLAGS = "-w"; }; };
		86034180161BBC0C0062F38D /* DDTTYLogger.m in Sources */ = {isa = PBXBuildFile; fileRef = 8603417C161BBC0C0062F38D /* DDTTYLogger.m */; settings = {COMPILER_FLAGS = "-w"; }; };
		86034184161BBC230062F38D /* MBProgressHUD.m in Sources */ = {isa = PBXBuildFile; fileRef = 86034183161BBC230062F38D /* MBProgressHUD.m */; };
		86034188161BBC380062F38D /* SkyLab.m in Sources */ = {isa = PBXBuildFile; fileRef = 86034187161BBC380062F38D /* SkyLab.m */; };
		8603418C161BBC740062F38D /* libTestFlight.a in Frameworks */ = {isa = PBXBuildFile; fileRef = 8603418A161BBC740062F38D /* libTestFlight.a */; };
		8603418F161BBC860062F38D /* Parse.framework in Frameworks */ = {isa = PBXBuildFile; fileRef = 8603418E161BBC860062F38D /* Parse.framework */; };
		86034193161BBCD90062F38D /* libFlurryAnalytics.a in Frameworks */ = {isa = PBXBuildFile; fileRef = 86034192161BBCD90062F38D /* libFlurryAnalytics.a */; };
		860341E7161BBFBA0062F38D /* MainStoryboard_iPad.storyboard in Resources */ = {isa = PBXBuildFile; fileRef = 860341E5161BBFBA0062F38D /* MainStoryboard_iPad.storyboard */; };
		860341E8161BBFBA0062F38D /* MainStoryboard_iPhone.storyboard in Resources */ = {isa = PBXBuildFile; fileRef = 860341E6161BBFBA0062F38D /* MainStoryboard_iPhone.storyboard */; };
		8603420D161BC1440062F38D /* Default-568h@2x.png in Resources */ = {isa = PBXBuildFile; fileRef = 86034200161BC1440062F38D /* Default-568h@2x.png */; };
		8603420E161BC1440062F38D /* Default.png in Resources */ = {isa = PBXBuildFile; fileRef = 86034201161BC1440062F38D /* Default.png */; };
		8603420F161BC1440062F38D /* Default@2x.png in Resources */ = {isa = PBXBuildFile; fileRef = 86034202161BC1440062F38D /* Default@2x.png */; };
		86034210161BC1440062F38D /* Icon-72.png in Resources */ = {isa = PBXBuildFile; fileRef = 86034203161BC1440062F38D /* Icon-72.png */; };
		86034211161BC1440062F38D /* Icon-72@2x.png in Resources */ = {isa = PBXBuildFile; fileRef = 86034204161BC1440062F38D /* Icon-72@2x.png */; };
		86034212161BC1440062F38D /* Icon-Small-50.png in Resources */ = {isa = PBXBuildFile; fileRef = 86034205161BC1440062F38D /* Icon-Small-50.png */; };
		86034213161BC1440062F38D /* Icon-Small-50@2x.png in Resources */ = {isa = PBXBuildFile; fileRef = 86034206161BC1440062F38D /* Icon-Small-50@2x.png */; };
		86034214161BC1440062F38D /* Icon-Small.png in Resources */ = {isa = PBXBuildFile; fileRef = 86034207161BC1440062F38D /* Icon-Small.png */; };
		86034215161BC1440062F38D /* Icon-Small@2x.png in Resources */ = {isa = PBXBuildFile; fileRef = 86034208161BC1440062F38D /* Icon-Small@2x.png */; };
		86034216161BC1440062F38D /* Icon.png in Resources */ = {isa = PBXBuildFile; fileRef = 86034209161BC1440062F38D /* Icon.png */; };
		86034217161BC1440062F38D /* Icon@2x.png in Resources */ = {isa = PBXBuildFile; fileRef = 8603420A161BC1440062F38D /* Icon@2x.png */; };
		86034218161BC1440062F38D /* iTunesArtwork.png in Resources */ = {isa = PBXBuildFile; fileRef = 8603420B161BC1440062F38D /* iTunesArtwork.png */; };
		86034219161BC1440062F38D /* iTunesArtwork@2x.png in Resources */ = {isa = PBXBuildFile; fileRef = 8603420C161BC1440062F38D /* iTunesArtwork@2x.png */; };
		8603421B161BC41A0062F38D /* AudioToolbox.framework in Frameworks */ = {isa = PBXBuildFile; fileRef = 8603421A161BC41A0062F38D /* AudioToolbox.framework */; };
		8603421D161BC4210062F38D /* Accounts.framework in Frameworks */ = {isa = PBXBuildFile; fileRef = 8603421C161BC4210062F38D /* Accounts.framework */; };
		8603421F161BC4260062F38D /* AdSupport.framework in Frameworks */ = {isa = PBXBuildFile; fileRef = 8603421E161BC4260062F38D /* AdSupport.framework */; };
		86034221161BC42C0062F38D /* CFNetwork.framework in Frameworks */ = {isa = PBXBuildFile; fileRef = 86034220161BC42C0062F38D /* CFNetwork.framework */; };
		86034223161BC43A0062F38D /* libsqlite3.dylib in Frameworks */ = {isa = PBXBuildFile; fileRef = 86034222161BC43A0062F38D /* libsqlite3.dylib */; };
		86034225161BC4430062F38D /* libz.1.1.3.dylib in Frameworks */ = {isa = PBXBuildFile; fileRef = 86034224161BC4430062F38D /* libz.1.1.3.dylib */; };
		86034227161BC4480062F38D /* MobileCoreServices.framework in Frameworks */ = {isa = PBXBuildFile; fileRef = 86034226161BC4480062F38D /* MobileCoreServices.framework */; };
		86034229161BC44E0062F38D /* QuartzCore.framework in Frameworks */ = {isa = PBXBuildFile; fileRef = 86034228161BC44E0062F38D /* QuartzCore.framework */; };
		8603422B161BC4540062F38D /* Security.framework in Frameworks */ = {isa = PBXBuildFile; fileRef = 8603422A161BC4540062F38D /* Security.framework */; };
		8603422D161BC45A0062F38D /* Social.framework in Frameworks */ = {isa = PBXBuildFile; fileRef = 8603422C161BC45A0062F38D /* Social.framework */; };
		8603422F161BC4600062F38D /* StoreKit.framework in Frameworks */ = {isa = PBXBuildFile; fileRef = 8603422E161BC4600062F38D /* StoreKit.framework */; };
		86034231161BC4660062F38D /* SystemConfiguration.framework in Frameworks */ = {isa = PBXBuildFile; fileRef = 86034230161BC4660062F38D /* SystemConfiguration.framework */; };
		8606B9D9161BD13C00BA86EE /* CALayer+Sizes.m in Sources */ = {isa = PBXBuildFile; fileRef = 8606B9D4161BD13C00BA86EE /* CALayer+Sizes.m */; };
		8606B9DA161BD13C00BA86EE /* MBProgressHud+UIViewController.m in Sources */ = {isa = PBXBuildFile; fileRef = 8606B9D6161BD13C00BA86EE /* MBProgressHud+UIViewController.m */; };
		8606B9DB161BD13C00BA86EE /* UIView+Sizes.m in Sources */ = {isa = PBXBuildFile; fileRef = 8606B9D8161BD13C00BA86EE /* UIView+Sizes.m */; };
		8606B9E3161BD7ED00BA86EE /* UIImage+AlteringUtilities.m in Sources */ = {isa = PBXBuildFile; fileRef = 8606B9E2161BD7ED00BA86EE /* UIImage+AlteringUtilities.m */; };
/* End PBXBuildFile section */

/* Begin PBXContainerItemProxy section */
		86034139161BB7380062F38D /* PBXContainerItemProxy */ = {
			isa = PBXContainerItemProxy;
			containerPortal = 86034104161BB7370062F38D /* Project object */;
			proxyType = 1;
			remoteGlobalIDString = 8603410C161BB7370062F38D;
			remoteInfo = RNBoilerplate;
		};
/* End PBXContainerItemProxy section */

/* Begin PBXFileReference section */
		86034111161BB7380062F38D /* UIKit.framework */ = {isa = PBXFileReference; lastKnownFileType = wrapper.framework; name = UIKit.framework; path = System/Library/Frameworks/UIKit.framework; sourceTree = SDKROOT; };
		86034113161BB7380062F38D /* Foundation.framework */ = {isa = PBXFileReference; lastKnownFileType = wrapper.framework; name = Foundation.framework; path = System/Library/Frameworks/Foundation.framework; sourceTree = SDKROOT; };
		86034115161BB7380062F38D /* CoreGraphics.framework */ = {isa = PBXFileReference; lastKnownFileType = wrapper.framework; name = CoreGraphics.framework; path = System/Library/Frameworks/CoreGraphics.framework; sourceTree = SDKROOT; };
		86034117161BB7380062F38D /* CoreData.framework */ = {isa = PBXFileReference; lastKnownFileType = wrapper.framework; name = CoreData.framework; path = System/Library/Frameworks/CoreData.framework; sourceTree = SDKROOT; };
		8603411B161BB7380062F38D /* RNBoilerplate-Info.plist */ = {isa = PBXFileReference; lastKnownFileType = text.plist.xml; path = "RNBoilerplate-Info.plist"; sourceTree = "<group>"; };
		8603411D161BB7380062F38D /* en */ = {isa = PBXFileReference; lastKnownFileType = text.plist.strings; name = en; path = en.lproj/InfoPlist.strings; sourceTree = "<group>"; };
		8603411F161BB7380062F38D /* main.m */ = {isa = PBXFileReference; lastKnownFileType = sourcecode.c.objc; name = main.m; path = RNBoilerplate/main.m; sourceTree = "<group>"; };
		86034121161BB7380062F38D /* RNBoilerplate-Prefix.pch */ = {isa = PBXFileReference; lastKnownFileType = sourcecode.c.h; name = "RNBoilerplate-Prefix.pch"; path = "RNBoilerplate/RNBoilerplate-Prefix.pch"; sourceTree = "<group>"; };
		86034122161BB7380062F38D /* RNAppDelegate.h */ = {isa = PBXFileReference; lastKnownFileType = sourcecode.c.h; path = RNAppDelegate.h; sourceTree = "<group>"; };
		86034123161BB7380062F38D /* RNAppDelegate.m */ = {isa = PBXFileReference; lastKnownFileType = sourcecode.c.objc; path = RNAppDelegate.m; sourceTree = "<group>"; };
		8603412C161BB7380062F38D /* RNBoilerplate.xcdatamodel */ = {isa = PBXFileReference; lastKnownFileType = wrapper.xcdatamodel; path = RNBoilerplate.xcdatamodel; sourceTree = "<group>"; };
		86034134161BB7380062F38D /* SenTestingKit.framework */ = {isa = PBXFileReference; lastKnownFileType = wrapper.framework; name = SenTestingKit.framework; path = Library/Frameworks/SenTestingKit.framework; sourceTree = DEVELOPER_DIR; };
		8603413D161BB7380062F38D /* RNBoilerplateTests-Info.plist */ = {isa = PBXFileReference; lastKnownFileType = text.plist.xml; path = "RNBoilerplateTests-Info.plist"; sourceTree = "<group>"; };
		8603413F161BB7380062F38D /* en */ = {isa = PBXFileReference; lastKnownFileType = text.plist.strings; name = en; path = en.lproj/InfoPlist.strings; sourceTree = "<group>"; };
		86034141161BB7380062F38D /* RNBoilerplateTests.h */ = {isa = PBXFileReference; lastKnownFileType = sourcecode.c.h; path = RNBoilerplateTests.h; sourceTree = "<group>"; };
		86034142161BB7380062F38D /* RNBoilerplateTests.m */ = {isa = PBXFileReference; lastKnownFileType = sourcecode.c.objc; path = RNBoilerplateTests.m; sourceTree = "<group>"; };
		8603414D161BBBF30062F38D /* AFHTTPClient.h */ = {isa = PBXFileReference; fileEncoding = 4; lastKnownFileType = sourcecode.c.h; path = AFHTTPClient.h; sourceTree = "<group>"; };
		8603414E161BBBF30062F38D /* AFHTTPClient.m */ = {isa = PBXFileReference; fileEncoding = 4; lastKnownFileType = sourcecode.c.objc; path = AFHTTPClient.m; sourceTree = "<group>"; };
		8603414F161BBBF30062F38D /* AFHTTPRequestOperation.h */ = {isa = PBXFileReference; fileEncoding = 4; lastKnownFileType = sourcecode.c.h; path = AFHTTPRequestOperation.h; sourceTree = "<group>"; };
		86034150161BBBF30062F38D /* AFHTTPRequestOperation.m */ = {isa = PBXFileReference; fileEncoding = 4; lastKnownFileType = sourcecode.c.objc; path = AFHTTPRequestOperation.m; sourceTree = "<group>"; };
		86034151161BBBF30062F38D /* AFImageRequestOperation.h */ = {isa = PBXFileReference; fileEncoding = 4; lastKnownFileType = sourcecode.c.h; path = AFImageRequestOperation.h; sourceTree = "<group>"; };
		86034152161BBBF30062F38D /* AFImageRequestOperation.m */ = {isa = PBXFileReference; fileEncoding = 4; lastKnownFileType = sourcecode.c.objc; path = AFImageRequestOperation.m; sourceTree = "<group>"; };
		86034153161BBBF30062F38D /* AFJSONRequestOperation.h */ = {isa = PBXFileReference; fileEncoding = 4; lastKnownFileType = sourcecode.c.h; path = AFJSONRequestOperation.h; sourceTree = "<group>"; };
		86034154161BBBF30062F38D /* AFJSONRequestOperation.m */ = {isa = PBXFileReference; fileEncoding = 4; lastKnownFileType = sourcecode.c.objc; path = AFJSONRequestOperation.m; sourceTree = "<group>"; };
		86034155161BBBF30062F38D /* AFNetworkActivityIndicatorManager.h */ = {isa = PBXFileReference; fileEncoding = 4; lastKnownFileType = sourcecode.c.h; path = AFNetworkActivityIndicatorManager.h; sourceTree = "<group>"; };
		86034156161BBBF30062F38D /* AFNetworkActivityIndicatorManager.m */ = {isa = PBXFileReference; fileEncoding = 4; lastKnownFileType = sourcecode.c.objc; path = AFNetworkActivityIndicatorManager.m; sourceTree = "<group>"; };
		86034157161BBBF30062F38D /* AFNetworking.h */ = {isa = PBXFileReference; fileEncoding = 4; lastKnownFileType = sourcecode.c.h; path = AFNetworking.h; sourceTree = "<group>"; };
		86034158161BBBF30062F38D /* AFPropertyListRequestOperation.h */ = {isa = PBXFileReference; fileEncoding = 4; lastKnownFileType = sourcecode.c.h; path = AFPropertyListRequestOperation.h; sourceTree = "<group>"; };
		86034159161BBBF30062F38D /* AFPropertyListRequestOperation.m */ = {isa = PBXFileReference; fileEncoding = 4; lastKnownFileType = sourcecode.c.objc; path = AFPropertyListRequestOperation.m; sourceTree = "<group>"; };
		8603415A161BBBF30062F38D /* AFURLConnectionOperation.h */ = {isa = PBXFileReference; fileEncoding = 4; lastKnownFileType = sourcecode.c.h; path = AFURLConnectionOperation.h; sourceTree = "<group>"; };
		8603415B161BBBF30062F38D /* AFURLConnectionOperation.m */ = {isa = PBXFileReference; fileEncoding = 4; lastKnownFileType = sourcecode.c.objc; path = AFURLConnectionOperation.m; sourceTree = "<group>"; };
		8603415C161BBBF30062F38D /* AFXMLRequestOperation.h */ = {isa = PBXFileReference; fileEncoding = 4; lastKnownFileType = sourcecode.c.h; path = AFXMLRequestOperation.h; sourceTree = "<group>"; };
		8603415D161BBBF30062F38D /* AFXMLRequestOperation.m */ = {isa = PBXFileReference; fileEncoding = 4; lastKnownFileType = sourcecode.c.objc; path = AFXMLRequestOperation.m; sourceTree = "<group>"; };
		8603415E161BBBF30062F38D /* UIImageView+AFNetworking.h */ = {isa = PBXFileReference; fileEncoding = 4; lastKnownFileType = sourcecode.c.h; path = "UIImageView+AFNetworking.h"; sourceTree = "<group>"; };
		8603415F161BBBF30062F38D /* UIImageView+AFNetworking.m */ = {isa = PBXFileReference; fileEncoding = 4; lastKnownFileType = sourcecode.c.objc; path = "UIImageView+AFNetworking.m"; sourceTree = "<group>"; };
		86034175161BBC0C0062F38D /* DDASLLogger.h */ = {isa = PBXFileReference; fileEncoding = 4; lastKnownFileType = sourcecode.c.h; name = DDASLLogger.h; path = CocoaLumberjack/Lumberjack/DDASLLogger.h; sourceTree = "<group>"; };
		86034176161BBC0C0062F38D /* DDASLLogger.m */ = {isa = PBXFileReference; fileEncoding = 4; lastKnownFileType = sourcecode.c.objc; name = DDASLLogger.m; path = CocoaLumberjack/Lumberjack/DDASLLogger.m; sourceTree = "<group>"; };
		86034177161BBC0C0062F38D /* DDFileLogger.h */ = {isa = PBXFileReference; fileEncoding = 4; lastKnownFileType = sourcecode.c.h; name = DDFileLogger.h; path = CocoaLumberjack/Lumberjack/DDFileLogger.h; sourceTree = "<group>"; };
		86034178161BBC0C0062F38D /* DDFileLogger.m */ = {isa = PBXFileReference; fileEncoding = 4; lastKnownFileType = sourcecode.c.objc; name = DDFileLogger.m; path = CocoaLumberjack/Lumberjack/DDFileLogger.m; sourceTree = "<group>"; };
		86034179161BBC0C0062F38D /* DDLog.h */ = {isa = PBXFileReference; fileEncoding = 4; lastKnownFileType = sourcecode.c.h; name = DDLog.h; path = CocoaLumberjack/Lumberjack/DDLog.h; sourceTree = "<group>"; };
		8603417A161BBC0C0062F38D /* DDLog.m */ = {isa = PBXFileReference; fileEncoding = 4; lastKnownFileType = sourcecode.c.objc; name = DDLog.m; path = CocoaLumberjack/Lumberjack/DDLog.m; sourceTree = "<group>"; };
		8603417B161BBC0C0062F38D /* DDTTYLogger.h */ = {isa = PBXFileReference; fileEncoding = 4; lastKnownFileType = sourcecode.c.h; name = DDTTYLogger.h; path = CocoaLumberjack/Lumberjack/DDTTYLogger.h; sourceTree = "<group>"; };
		8603417C161BBC0C0062F38D /* DDTTYLogger.m */ = {isa = PBXFileReference; fileEncoding = 4; lastKnownFileType = sourcecode.c.objc; name = DDTTYLogger.m; path = CocoaLumberjack/Lumberjack/DDTTYLogger.m; sourceTree = "<group>"; };
		86034182161BBC230062F38D /* MBProgressHUD.h */ = {isa = PBXFileReference; fileEncoding = 4; lastKnownFileType = sourcecode.c.h; name = MBProgressHUD.h; path = MBProgressHUD/MBProgressHUD.h; sourceTree = "<group>"; };
		86034183161BBC230062F38D /* MBProgressHUD.m */ = {isa = PBXFileReference; fileEncoding = 4; lastKnownFileType = sourcecode.c.objc; name = MBProgressHUD.m; path = MBProgressHUD/MBProgressHUD.m; sourceTree = "<group>"; };
		86034186161BBC380062F38D /* SkyLab.h */ = {isa = PBXFileReference; fileEncoding = 4; lastKnownFileType = sourcecode.c.h; name = SkyLab.h; path = SkyLab/SkyLab/SkyLab.h; sourceTree = "<group>"; };
		86034187161BBC380062F38D /* SkyLab.m */ = {isa = PBXFileReference; fileEncoding = 4; lastKnownFileType = sourcecode.c.objc; name = SkyLab.m; path = SkyLab/SkyLab/SkyLab.m; sourceTree = "<group>"; };
		8603418A161BBC740062F38D /* libTestFlight.a */ = {isa = PBXFileReference; lastKnownFileType = archive.ar; name = libTestFlight.a; path = Testflight/libTestFlight.a; sourceTree = "<group>"; };
		8603418B161BBC740062F38D /* TestFlight.h */ = {isa = PBXFileReference; fileEncoding = 4; lastKnownFileType = sourcecode.c.h; name = TestFlight.h; path = Testflight/TestFlight.h; sourceTree = "<group>"; };
		8603418E161BBC860062F38D /* Parse.framework */ = {isa = PBXFileReference; lastKnownFileType = wrapper.framework; path = Parse.framework; sourceTree = "<group>"; };
		86034191161BBCD90062F38D /* FlurryAnalytics.h */ = {isa = PBXFileReference; fileEncoding = 4; lastKnownFileType = sourcecode.c.h; path = FlurryAnalytics.h; sourceTree = "<group>"; };
		86034192161BBCD90062F38D /* libFlurryAnalytics.a */ = {isa = PBXFileReference; lastKnownFileType = archive.ar; path = libFlurryAnalytics.a; sourceTree = "<group>"; };
		86034194161BBD0A0062F38D /* RNVendorConfig.h */ = {isa = PBXFileReference; fileEncoding = 4; lastKnownFileType = sourcecode.c.h; name = RNVendorConfig.h; path = RNBoilerplate/RNVendorConfig.h; sourceTree = "<group>"; };
		86034196161BBDF80062F38D /* RNBoilerplate.app */ = {isa = PBXFileReference; explicitFileType = wrapper.application; includeInIndex = 0; path = RNBoilerplate.app; sourceTree = BUILT_PRODUCTS_DIR; };
		860341E5161BBFBA0062F38D /* MainStoryboard_iPad.storyboard */ = {isa = PBXFileReference; fileEncoding = 4; lastKnownFileType = file.storyboard; path = MainStoryboard_iPad.storyboard; sourceTree = "<group>"; };
		860341E6161BBFBA0062F38D /* MainStoryboard_iPhone.storyboard */ = {isa = PBXFileReference; fileEncoding = 4; lastKnownFileType = file.storyboard; path = MainStoryboard_iPhone.storyboard; sourceTree = "<group>"; };
		86034200161BC1440062F38D /* Default-568h@2x.png */ = {isa = PBXFileReference; lastKnownFileType = image.png; name = "Default-568h@2x.png"; path = "Graphics/System/Default-568h@2x.png"; sourceTree = "<group>"; };
		86034201161BC1440062F38D /* Default.png */ = {isa = PBXFileReference; lastKnownFileType = image.png; name = Default.png; path = Graphics/System/Default.png; sourceTree = "<group>"; };
		86034202161BC1440062F38D /* Default@2x.png */ = {isa = PBXFileReference; lastKnownFileType = image.png; name = "Default@2x.png"; path = "Graphics/System/Default@2x.png"; sourceTree = "<group>"; };
		86034203161BC1440062F38D /* Icon-72.png */ = {isa = PBXFileReference; lastKnownFileType = image.png; name = "Icon-72.png"; path = "Graphics/System/Icon-72.png"; sourceTree = "<group>"; };
		86034204161BC1440062F38D /* Icon-72@2x.png */ = {isa = PBXFileReference; lastKnownFileType = image.png; name = "Icon-72@2x.png"; path = "Graphics/System/Icon-72@2x.png"; sourceTree = "<group>"; };
		86034205161BC1440062F38D /* Icon-Small-50.png */ = {isa = PBXFileReference; lastKnownFileType = image.png; name = "Icon-Small-50.png"; path = "Graphics/System/Icon-Small-50.png"; sourceTree = "<group>"; };
		86034206161BC1440062F38D /* Icon-Small-50@2x.png */ = {isa = PBXFileReference; lastKnownFileType = image.png; name = "Icon-Small-50@2x.png"; path = "Graphics/System/Icon-Small-50@2x.png"; sourceTree = "<group>"; };
		86034207161BC1440062F38D /* Icon-Small.png */ = {isa = PBXFileReference; lastKnownFileType = image.png; name = "Icon-Small.png"; path = "Graphics/System/Icon-Small.png"; sourceTree = "<group>"; };
		86034208161BC1440062F38D /* Icon-Small@2x.png */ = {isa = PBXFileReference; lastKnownFileType = image.png; name = "Icon-Small@2x.png"; path = "Graphics/System/Icon-Small@2x.png"; sourceTree = "<group>"; };
		86034209161BC1440062F38D /* Icon.png */ = {isa = PBXFileReference; lastKnownFileType = image.png; name = Icon.png; path = Graphics/System/Icon.png; sourceTree = "<group>"; };
		8603420A161BC1440062F38D /* Icon@2x.png */ = {isa = PBXFileReference; lastKnownFileType = image.png; name = "Icon@2x.png"; path = "Graphics/System/Icon@2x.png"; sourceTree = "<group>"; };
		8603420B161BC1440062F38D /* iTunesArtwork.png */ = {isa = PBXFileReference; lastKnownFileType = image.png; name = iTunesArtwork.png; path = Graphics/System/iTunesArtwork.png; sourceTree = "<group>"; };
		8603420C161BC1440062F38D /* iTunesArtwork@2x.png */ = {isa = PBXFileReference; lastKnownFileType = image.png; name = "iTunesArtwork@2x.png"; path = "Graphics/System/iTunesArtwork@2x.png"; sourceTree = "<group>"; };
		8603421A161BC41A0062F38D /* AudioToolbox.framework */ = {isa = PBXFileReference; lastKnownFileType = wrapper.framework; name = AudioToolbox.framework; path = System/Library/Frameworks/AudioToolbox.framework; sourceTree = SDKROOT; };
		8603421C161BC4210062F38D /* Accounts.framework */ = {isa = PBXFileReference; lastKnownFileType = wrapper.framework; name = Accounts.framework; path = System/Library/Frameworks/Accounts.framework; sourceTree = SDKROOT; };
		8603421E161BC4260062F38D /* AdSupport.framework */ = {isa = PBXFileReference; lastKnownFileType = wrapper.framework; name = AdSupport.framework; path = System/Library/Frameworks/AdSupport.framework; sourceTree = SDKROOT; };
		86034220161BC42C0062F38D /* CFNetwork.framework */ = {isa = PBXFileReference; lastKnownFileType = wrapper.framework; name = CFNetwork.framework; path = System/Library/Frameworks/CFNetwork.framework; sourceTree = SDKROOT; };
		86034222161BC43A0062F38D /* libsqlite3.dylib */ = {isa = PBXFileReference; lastKnownFileType = "compiled.mach-o.dylib"; name = libsqlite3.dylib; path = usr/lib/libsqlite3.dylib; sourceTree = SDKROOT; };
		86034224161BC4430062F38D /* libz.1.1.3.dylib */ = {isa = PBXFileReference; lastKnownFileType = "compiled.mach-o.dylib"; name = libz.1.1.3.dylib; path = usr/lib/libz.1.1.3.dylib; sourceTree = SDKROOT; };
		86034226161BC4480062F38D /* MobileCoreServices.framework */ = {isa = PBXFileReference; lastKnownFileType = wrapper.framework; name = MobileCoreServices.framework; path = System/Library/Frameworks/MobileCoreServices.framework; sourceTree = SDKROOT; };
		86034228161BC44E0062F38D /* QuartzCore.framework */ = {isa = PBXFileReference; lastKnownFileType = wrapper.framework; name = QuartzCore.framework; path = System/Library/Frameworks/QuartzCore.framework; sourceTree = SDKROOT; };
		8603422A161BC4540062F38D /* Security.framework */ = {isa = PBXFileReference; lastKnownFileType = wrapper.framework; name = Security.framework; path = System/Library/Frameworks/Security.framework; sourceTree = SDKROOT; };
		8603422C161BC45A0062F38D /* Social.framework */ = {isa = PBXFileReference; lastKnownFileType = wrapper.framework; name = Social.framework; path = System/Library/Frameworks/Social.framework; sourceTree = SDKROOT; };
		8603422E161BC4600062F38D /* StoreKit.framework */ = {isa = PBXFileReference; lastKnownFileType = wrapper.framework; name = StoreKit.framework; path = System/Library/Frameworks/StoreKit.framework; sourceTree = SDKROOT; };
		86034230161BC4660062F38D /* SystemConfiguration.framework */ = {isa = PBXFileReference; lastKnownFileType = wrapper.framework; name = SystemConfiguration.framework; path = System/Library/Frameworks/SystemConfiguration.framework; sourceTree = SDKROOT; };
		8606B9C2161BD01F00BA86EE /* RNBoilerplateTests.octest */ = {isa = PBXFileReference; explicitFileType = wrapper.cfbundle; includeInIndex = 0; path = RNBoilerplateTests.octest; sourceTree = BUILT_PRODUCTS_DIR; };
		8606B9D3161BD13C00BA86EE /* CALayer+Sizes.h */ = {isa = PBXFileReference; fileEncoding = 4; lastKnownFileType = sourcecode.c.h; path = "CALayer+Sizes.h"; sourceTree = "<group>"; };
		8606B9D4161BD13C00BA86EE /* CALayer+Sizes.m */ = {isa = PBXFileReference; fileEncoding = 4; lastKnownFileType = sourcecode.c.objc; path = "CALayer+Sizes.m"; sourceTree = "<group>"; };
		8606B9D5161BD13C00BA86EE /* MBProgressHud+UIViewController.h */ = {isa = PBXFileReference; fileEncoding = 4; lastKnownFileType = sourcecode.c.h; path = "MBProgressHud+UIViewController.h"; sourceTree = "<group>"; };
		8606B9D6161BD13C00BA86EE /* MBProgressHud+UIViewController.m */ = {isa = PBXFileReference; fileEncoding = 4; lastKnownFileType = sourcecode.c.objc; path = "MBProgressHud+UIViewController.m"; sourceTree = "<group>"; };
		8606B9D7161BD13C00BA86EE /* UIView+Sizes.h */ = {isa = PBXFileReference; fileEncoding = 4; lastKnownFileType = sourcecode.c.h; path = "UIView+Sizes.h"; sourceTree = "<group>"; };
		8606B9D8161BD13C00BA86EE /* UIView+Sizes.m */ = {isa = PBXFileReference; fileEncoding = 4; lastKnownFileType = sourcecode.c.objc; path = "UIView+Sizes.m"; sourceTree = "<group>"; };
		8606B9DC161BD15F00BA86EE /* RNCategories.h */ = {isa = PBXFileReference; fileEncoding = 4; lastKnownFileType = sourcecode.c.h; path = RNCategories.h; sourceTree = "<group>"; };
		8606B9E1161BD7ED00BA86EE /* UIImage+AlteringUtilities.h */ = {isa = PBXFileReference; fileEncoding = 4; lastKnownFileType = sourcecode.c.h; path = "UIImage+AlteringUtilities.h"; sourceTree = "<group>"; };
		8606B9E2161BD7ED00BA86EE /* UIImage+AlteringUtilities.m */ = {isa = PBXFileReference; fileEncoding = 4; lastKnownFileType = sourcecode.c.objc; path = "UIImage+AlteringUtilities.m"; sourceTree = "<group>"; };
/* End PBXFileReference section */

/* Begin PBXFrameworksBuildPhase section */
		8603410A161BB7370062F38D /* Frameworks */ = {
			isa = PBXFrameworksBuildPhase;
			buildActionMask = 2147483647;
			files = (
				86034231161BC4660062F38D /* SystemConfiguration.framework in Frameworks */,
				8603422F161BC4600062F38D /* StoreKit.framework in Frameworks */,
				8603422D161BC45A0062F38D /* Social.framework in Frameworks */,
				8603422B161BC4540062F38D /* Security.framework in Frameworks */,
				86034229161BC44E0062F38D /* QuartzCore.framework in Frameworks */,
				86034227161BC4480062F38D /* MobileCoreServices.framework in Frameworks */,
				86034225161BC4430062F38D /* libz.1.1.3.dylib in Frameworks */,
				86034223161BC43A0062F38D /* libsqlite3.dylib in Frameworks */,
				86034221161BC42C0062F38D /* CFNetwork.framework in Frameworks */,
				8603421F161BC4260062F38D /* AdSupport.framework in Frameworks */,
				8603421D161BC4210062F38D /* Accounts.framework in Frameworks */,
				8603421B161BC41A0062F38D /* AudioToolbox.framework in Frameworks */,
				86034112161BB7380062F38D /* UIKit.framework in Frameworks */,
				86034114161BB7380062F38D /* Foundation.framework in Frameworks */,
				86034116161BB7380062F38D /* CoreGraphics.framework in Frameworks */,
				86034118161BB7380062F38D /* CoreData.framework in Frameworks */,
				8603418C161BBC740062F38D /* libTestFlight.a in Frameworks */,
				8603418F161BBC860062F38D /* Parse.framework in Frameworks */,
				86034193161BBCD90062F38D /* libFlurryAnalytics.a in Frameworks */,
			);
			runOnlyForDeploymentPostprocessing = 0;
		};
		8603412F161BB7380062F38D /* Frameworks */ = {
			isa = PBXFrameworksBuildPhase;
			buildActionMask = 2147483647;
			files = (
				86034135161BB7380062F38D /* SenTestingKit.framework in Frameworks */,
				86034136161BB7380062F38D /* UIKit.framework in Frameworks */,
				86034137161BB7380062F38D /* Foundation.framework in Frameworks */,
				86034138161BB7380062F38D /* CoreData.framework in Frameworks */,
			);
			runOnlyForDeploymentPostprocessing = 0;
		};
/* End PBXFrameworksBuildPhase section */

/* Begin PBXGroup section */
		86034102161BB7370062F38D = {
			isa = PBXGroup;
			children = (
				86034119161BB7380062F38D /* Classes */,
				86034110161BB7380062F38D /* Frameworks */,
				8603410E161BB7380062F38D /* Other Sources */,
				860341FD161BC0B50062F38D /* Products */,
				8603411A161BB7380062F38D /* Resources */,
				8603413B161BB7380062F38D /* RNBoilerplateTests */,
				86034195161BBD620062F38D /* Vendor */,
			);
			sourceTree = "<group>";
		};
		8603410E161BB7380062F38D /* Other Sources */ = {
			isa = PBXGroup;
			children = (
				86034194161BBD0A0062F38D /* RNVendorConfig.h */,
				8603411C161BB7380062F38D /* InfoPlist.strings */,
				8603411F161BB7380062F38D /* main.m */,
				86034121161BB7380062F38D /* RNBoilerplate-Prefix.pch */,
				8606B9C2161BD01F00BA86EE /* RNBoilerplateTests.octest */,
			);
			name = "Other Sources";
			sourceTree = "<group>";
		};
		86034110161BB7380062F38D /* Frameworks */ = {
			isa = PBXGroup;
			children = (
				8603421C161BC4210062F38D /* Accounts.framework */,
				8603421E161BC4260062F38D /* AdSupport.framework */,
				8603421A161BC41A0062F38D /* AudioToolbox.framework */,
				86034220161BC42C0062F38D /* CFNetwork.framework */,
				86034117161BB7380062F38D /* CoreData.framework */,
				86034115161BB7380062F38D /* CoreGraphics.framework */,
				86034113161BB7380062F38D /* Foundation.framework */,
				86034222161BC43A0062F38D /* libsqlite3.dylib */,
				86034224161BC4430062F38D /* libz.1.1.3.dylib */,
				86034226161BC4480062F38D /* MobileCoreServices.framework */,
				86034228161BC44E0062F38D /* QuartzCore.framework */,
				8603422A161BC4540062F38D /* Security.framework */,
				86034134161BB7380062F38D /* SenTestingKit.framework */,
				8603422C161BC45A0062F38D /* Social.framework */,
				8603422E161BC4600062F38D /* StoreKit.framework */,
				86034230161BC4660062F38D /* SystemConfiguration.framework */,
				86034111161BB7380062F38D /* UIKit.framework */,
			);
			name = Frameworks;
			sourceTree = "<group>";
		};
		86034119161BB7380062F38D /* Classes */ = {
			isa = PBXGroup;
			children = (
				860341EF161BC0830062F38D /* Application */,
				8606B9D2161BD13C00BA86EE /* Categories */,
				860341FA161BC0A10062F38D /* Misc */,
				860341FC161BC0AB0062F38D /* ViewControllers */,
				860341FB161BC0A70062F38D /* Views */,
			);
			name = Classes;
			path = RNBoilerplate;
			sourceTree = "<group>";
		};
		8603411A161BB7380062F38D /* Resources */ = {
			isa = PBXGroup;
			children = (
				860341FE161BC0CF0062F38D /* Graphics */,
				860341E5161BBFBA0062F38D /* MainStoryboard_iPad.storyboard */,
				860341E6161BBFBA0062F38D /* MainStoryboard_iPhone.storyboard */,
				8603411B161BB7380062F38D /* RNBoilerplate-Info.plist */,
				8603412B161BB7380062F38D /* RNBoilerplate.xcdatamodeld */,
			);
			name = Resources;
			path = RNBoilerplate;
			sourceTree = "<group>";
		};
		8603413B161BB7380062F38D /* RNBoilerplateTests */ = {
			isa = PBXGroup;
			children = (
				86034141161BB7380062F38D /* RNBoilerplateTests.h */,
				86034142161BB7380062F38D /* RNBoilerplateTests.m */,
				8603413C161BB7380062F38D /* Supporting Files */,
			);
			path = RNBoilerplateTests;
			sourceTree = "<group>";
		};
		8603413C161BB7380062F38D /* Supporting Files */ = {
			isa = PBXGroup;
			children = (
				8603413D161BB7380062F38D /* RNBoilerplateTests-Info.plist */,
				8603413E161BB7380062F38D /* InfoPlist.strings */,
			);
			name = "Supporting Files";
			sourceTree = "<group>";
		};
		8603414C161BBBF30062F38D /* AFNetworking */ = {
			isa = PBXGroup;
			children = (
				8603414D161BBBF30062F38D /* AFHTTPClient.h */,
				8603414E161BBBF30062F38D /* AFHTTPClient.m */,
				8603414F161BBBF30062F38D /* AFHTTPRequestOperation.h */,
				86034150161BBBF30062F38D /* AFHTTPRequestOperation.m */,
				86034151161BBBF30062F38D /* AFImageRequestOperation.h */,
				86034152161BBBF30062F38D /* AFImageRequestOperation.m */,
				86034153161BBBF30062F38D /* AFJSONRequestOperation.h */,
				86034154161BBBF30062F38D /* AFJSONRequestOperation.m */,
				86034155161BBBF30062F38D /* AFNetworkActivityIndicatorManager.h */,
				86034156161BBBF30062F38D /* AFNetworkActivityIndicatorManager.m */,
				86034157161BBBF30062F38D /* AFNetworking.h */,
				86034158161BBBF30062F38D /* AFPropertyListRequestOperation.h */,
				86034159161BBBF30062F38D /* AFPropertyListRequestOperation.m */,
				8603415A161BBBF30062F38D /* AFURLConnectionOperation.h */,
				8603415B161BBBF30062F38D /* AFURLConnectionOperation.m */,
				8603415C161BBBF30062F38D /* AFXMLRequestOperation.h */,
				8603415D161BBBF30062F38D /* AFXMLRequestOperation.m */,
				8603415E161BBBF30062F38D /* UIImageView+AFNetworking.h */,
				8603415F161BBBF30062F38D /* UIImageView+AFNetworking.m */,
			);
			name = AFNetworking;
			path = AFNetworking/AFNetworking;
			sourceTree = "<group>";
		};
		86034181161BBC110062F38D /* Lumberjack */ = {
			isa = PBXGroup;
			children = (
				86034175161BBC0C0062F38D /* DDASLLogger.h */,
				86034176161BBC0C0062F38D /* DDASLLogger.m */,
				86034177161BBC0C0062F38D /* DDFileLogger.h */,
				86034178161BBC0C0062F38D /* DDFileLogger.m */,
				86034179161BBC0C0062F38D /* DDLog.h */,
				8603417A161BBC0C0062F38D /* DDLog.m */,
				8603417B161BBC0C0062F38D /* DDTTYLogger.h */,
				8603417C161BBC0C0062F38D /* DDTTYLogger.m */,
			);
			name = Lumberjack;
			sourceTree = "<group>";
		};
		86034185161BBC270062F38D /* MBProgressHUD */ = {
			isa = PBXGroup;
			children = (
				86034182161BBC230062F38D /* MBProgressHUD.h */,
				86034183161BBC230062F38D /* MBProgressHUD.m */,
			);
			name = MBProgressHUD;
			sourceTree = "<group>";
		};
		86034189161BBC3C0062F38D /* SkyLab */ = {
			isa = PBXGroup;
			children = (
				86034186161BBC380062F38D /* SkyLab.h */,
				86034187161BBC380062F38D /* SkyLab.m */,
			);
			name = SkyLab;
			sourceTree = "<group>";
		};
		8603418D161BBC780062F38D /* TestFlight */ = {
			isa = PBXGroup;
			children = (
				8603418A161BBC740062F38D /* libTestFlight.a */,
				8603418B161BBC740062F38D /* TestFlight.h */,
			);
			name = TestFlight;
			sourceTree = "<group>";
		};
		86034190161BBCD90062F38D /* FlurryAnalytics */ = {
			isa = PBXGroup;
			children = (
				86034191161BBCD90062F38D /* FlurryAnalytics.h */,
				86034192161BBCD90062F38D /* libFlurryAnalytics.a */,
			);
			path = FlurryAnalytics;
			sourceTree = "<group>";
		};
		86034195161BBD620062F38D /* Vendor */ = {
			isa = PBXGroup;
			children = (
				8603414C161BBBF30062F38D /* AFNetworking */,
				86034190161BBCD90062F38D /* FlurryAnalytics */,
				86034181161BBC110062F38D /* Lumberjack */,
				86034185161BBC270062F38D /* MBProgressHUD */,
				8603418E161BBC860062F38D /* Parse.framework */,
				86034189161BBC3C0062F38D /* SkyLab */,
				8603418D161BBC780062F38D /* TestFlight */,
			);
			name = Vendor;
			sourceTree = "<group>";
		};
		860341EF161BC0830062F38D /* Application */ = {
			isa = PBXGroup;
			children = (
				86034122161BB7380062F38D /* RNAppDelegate.h */,
				86034123161BB7380062F38D /* RNAppDelegate.m */,
			);
			name = Application;
			sourceTree = "<group>";
		};
		860341FA161BC0A10062F38D /* Misc */ = {
			isa = PBXGroup;
			children = (
			);
			name = Misc;
			sourceTree = "<group>";
		};
		860341FB161BC0A70062F38D /* Views */ = {
			isa = PBXGroup;
			children = (
			);
			name = Views;
			sourceTree = "<group>";
		};
		860341FC161BC0AB0062F38D /* ViewControllers */ = {
			isa = PBXGroup;
			children = (
			);
			name = ViewControllers;
			sourceTree = "<group>";
		};
		860341FD161BC0B50062F38D /* Products */ = {
			isa = PBXGroup;
			children = (
				86034196161BBDF80062F38D /* RNBoilerplate.app */,
			);
			name = Products;
			sourceTree = "<group>";
		};
		860341FE161BC0CF0062F38D /* Graphics */ = {
			isa = PBXGroup;
			children = (
				860341FF161BC0D90062F38D /* System */,
			);
			name = Graphics;
			sourceTree = "<group>";
		};
		860341FF161BC0D90062F38D /* System */ = {
			isa = PBXGroup;
			children = (
				86034200161BC1440062F38D /* Default-568h@2x.png */,
				86034201161BC1440062F38D /* Default.png */,
				86034202161BC1440062F38D /* Default@2x.png */,
				86034203161BC1440062F38D /* Icon-72.png */,
				86034204161BC1440062F38D /* Icon-72@2x.png */,
				86034205161BC1440062F38D /* Icon-Small-50.png */,
				86034206161BC1440062F38D /* Icon-Small-50@2x.png */,
				86034207161BC1440062F38D /* Icon-Small.png */,
				86034208161BC1440062F38D /* Icon-Small@2x.png */,
				86034209161BC1440062F38D /* Icon.png */,
				8603420A161BC1440062F38D /* Icon@2x.png */,
				8603420B161BC1440062F38D /* iTunesArtwork.png */,
				8603420C161BC1440062F38D /* iTunesArtwork@2x.png */,
			);
			name = System;
			sourceTree = "<group>";
		};
		8606B9D2161BD13C00BA86EE /* Categories */ = {
			isa = PBXGroup;
			children = (
				8606B9D3161BD13C00BA86EE /* CALayer+Sizes.h */,
				8606B9D4161BD13C00BA86EE /* CALayer+Sizes.m */,
				8606B9D5161BD13C00BA86EE /* MBProgressHud+UIViewController.h */,
				8606B9D6161BD13C00BA86EE /* MBProgressHud+UIViewController.m */,
				8606B9DC161BD15F00BA86EE /* RNCategories.h */,
				8606B9E1161BD7ED00BA86EE /* UIImage+AlteringUtilities.h */,
				8606B9E2161BD7ED00BA86EE /* UIImage+AlteringUtilities.m */,
				8606B9D7161BD13C00BA86EE /* UIView+Sizes.h */,
				8606B9D8161BD13C00BA86EE /* UIView+Sizes.m */,
			);
			path = Categories;
			sourceTree = "<group>";
		};
/* End PBXGroup section */

/* Begin PBXNativeTarget section */
		8603410C161BB7370062F38D /* RNBoilerplate */ = {
			isa = PBXNativeTarget;
			buildConfigurationList = 86034146161BB7380062F38D /* Build configuration list for PBXNativeTarget "RNBoilerplate" */;
			buildPhases = (
				86034109161BB7370062F38D /* Sources */,
				8603410A161BB7370062F38D /* Frameworks */,
				8603410B161BB7370062F38D /* Resources */,
			);
			buildRules = (
			);
			dependencies = (
			);
			name = RNBoilerplate;
			productName = RNBoilerplate;
			productReference = 86034196161BBDF80062F38D /* RNBoilerplate.app */;
			productType = "com.apple.product-type.application";
		};
		86034132161BB7380062F38D /* RNBoilerplateTests */ = {
			isa = PBXNativeTarget;
			buildConfigurationList = 86034149161BB7380062F38D /* Build configuration list for PBXNativeTarget "RNBoilerplateTests" */;
			buildPhases = (
				8603412E161BB7380062F38D /* Sources */,
				8603412F161BB7380062F38D /* Frameworks */,
				86034130161BB7380062F38D /* Resources */,
				86034131161BB7380062F38D /* ShellScript */,
			);
			buildRules = (
			);
			dependencies = (
				8603413A161BB7380062F38D /* PBXTargetDependency */,
			);
			name = RNBoilerplateTests;
			productName = RNBoilerplateTests;
			productReference = 8606B9C2161BD01F00BA86EE /* RNBoilerplateTests.octest */;
			productType = "com.apple.product-type.bundle";
		};
/* End PBXNativeTarget section */

/* Begin PBXProject section */
		86034104161BB7370062F38D /* Project object */ = {
			isa = PBXProject;
			attributes = {
				CLASSPREFIX = RN;
				LastUpgradeCheck = 0450;
				ORGANIZATIONNAME = "Ryan Nystrom";
			};
			buildConfigurationList = 86034107161BB7370062F38D /* Build configuration list for PBXProject "RNBoilerplate" */;
			compatibilityVersion = "Xcode 3.2";
			developmentRegion = English;
			hasScannedForEncodings = 0;
			knownRegions = (
				en,
			);
			mainGroup = 86034102161BB7370062F38D;
			productRefGroup = 8603410E161BB7380062F38D /* Other Sources */;
			projectDirPath = "";
			projectRoot = "";
			targets = (
				8603410C161BB7370062F38D /* RNBoilerplate */,
				86034132161BB7380062F38D /* RNBoilerplateTests */,
			);
		};
/* End PBXProject section */

/* Begin PBXResourcesBuildPhase section */
		8603410B161BB7370062F38D /* Resources */ = {
			isa = PBXResourcesBuildPhase;
			buildActionMask = 2147483647;
			files = (
				8603411E161BB7380062F38D /* InfoPlist.strings in Resources */,
				860341E7161BBFBA0062F38D /* MainStoryboard_iPad.storyboard in Resources */,
				860341E8161BBFBA0062F38D /* MainStoryboard_iPhone.storyboard in Resources */,
				8603420D161BC1440062F38D /* Default-568h@2x.png in Resources */,
				8603420E161BC1440062F38D /* Default.png in Resources */,
				8603420F161BC1440062F38D /* Default@2x.png in Resources */,
				86034210161BC1440062F38D /* Icon-72.png in Resources */,
				86034211161BC1440062F38D /* Icon-72@2x.png in Resources */,
				86034212161BC1440062F38D /* Icon-Small-50.png in Resources */,
				86034213161BC1440062F38D /* Icon-Small-50@2x.png in Resources */,
				86034214161BC1440062F38D /* Icon-Small.png in Resources */,
				86034215161BC1440062F38D /* Icon-Small@2x.png in Resources */,
				86034216161BC1440062F38D /* Icon.png in Resources */,
				86034217161BC1440062F38D /* Icon@2x.png in Resources */,
				86034218161BC1440062F38D /* iTunesArtwork.png in Resources */,
				86034219161BC1440062F38D /* iTunesArtwork@2x.png in Resources */,
			);
			runOnlyForDeploymentPostprocessing = 0;
		};
		86034130161BB7380062F38D /* Resources */ = {
			isa = PBXResourcesBuildPhase;
			buildActionMask = 2147483647;
			files = (
				86034140161BB7380062F38D /* InfoPlist.strings in Resources */,
			);
			runOnlyForDeploymentPostprocessing = 0;
		};
/* End PBXResourcesBuildPhase section */

/* Begin PBXShellScriptBuildPhase section */
		86034131161BB7380062F38D /* ShellScript */ = {
			isa = PBXShellScriptBuildPhase;
			buildActionMask = 2147483647;
			files = (
			);
			inputPaths = (
			);
			outputPaths = (
			);
			runOnlyForDeploymentPostprocessing = 0;
			shellPath = /bin/sh;
			shellScript = "# Run the unit tests in this test bundle.\n\"${SYSTEM_DEVELOPER_DIR}/Tools/RunUnitTests\"\n";
		};
/* End PBXShellScriptBuildPhase section */

/* Begin PBXSourcesBuildPhase section */
		86034109161BB7370062F38D /* Sources */ = {
			isa = PBXSourcesBuildPhase;
			buildActionMask = 2147483647;
			files = (
				86034120161BB7380062F38D /* main.m in Sources */,
				86034124161BB7380062F38D /* RNAppDelegate.m in Sources */,
				8603412D161BB7380062F38D /* RNBoilerplate.xcdatamodeld in Sources */,
				86034160161BBBF30062F38D /* AFHTTPClient.m in Sources */,
				86034161161BBBF30062F38D /* AFHTTPRequestOperation.m in Sources */,
				86034162161BBBF30062F38D /* AFImageRequestOperation.m in Sources */,
				86034163161BBBF30062F38D /* AFJSONRequestOperation.m in Sources */,
				86034164161BBBF30062F38D /* AFNetworkActivityIndicatorManager.m in Sources */,
				86034165161BBBF30062F38D /* AFPropertyListRequestOperation.m in Sources */,
				86034166161BBBF30062F38D /* AFURLConnectionOperation.m in Sources */,
				86034167161BBBF30062F38D /* AFXMLRequestOperation.m in Sources */,
				86034168161BBBF30062F38D /* UIImageView+AFNetworking.m in Sources */,
				8603417D161BBC0C0062F38D /* DDASLLogger.m in Sources */,
				8603417E161BBC0C0062F38D /* DDFileLogger.m in Sources */,
				8603417F161BBC0C0062F38D /* DDLog.m in Sources */,
				86034180161BBC0C0062F38D /* DDTTYLogger.m in Sources */,
				86034184161BBC230062F38D /* MBProgressHUD.m in Sources */,
				86034188161BBC380062F38D /* SkyLab.m in Sources */,
				8606B9D9161BD13C00BA86EE /* CALayer+Sizes.m in Sources */,
				8606B9DA161BD13C00BA86EE /* MBProgressHud+UIViewController.m in Sources */,
				8606B9DB161BD13C00BA86EE /* UIView+Sizes.m in Sources */,
				8606B9E3161BD7ED00BA86EE /* UIImage+AlteringUtilities.m in Sources */,
			);
			runOnlyForDeploymentPostprocessing = 0;
		};
		8603412E161BB7380062F38D /* Sources */ = {
			isa = PBXSourcesBuildPhase;
			buildActionMask = 2147483647;
			files = (
				86034143161BB7380062F38D /* RNBoilerplateTests.m in Sources */,
			);
			runOnlyForDeploymentPostprocessing = 0;
		};
/* End PBXSourcesBuildPhase section */

/* Begin PBXTargetDependency section */
		8603413A161BB7380062F38D /* PBXTargetDependency */ = {
			isa = PBXTargetDependency;
			target = 8603410C161BB7370062F38D /* RNBoilerplate */;
			targetProxy = 86034139161BB7380062F38D /* PBXContainerItemProxy */;
		};
/* End PBXTargetDependency section */

/* Begin PBXVariantGroup section */
		8603411C161BB7380062F38D /* InfoPlist.strings */ = {
			isa = PBXVariantGroup;
			children = (
				8603411D161BB7380062F38D /* en */,
			);
			name = InfoPlist.strings;
			path = RNBoilerplate;
			sourceTree = "<group>";
		};
		8603413E161BB7380062F38D /* InfoPlist.strings */ = {
			isa = PBXVariantGroup;
			children = (
				8603413F161BB7380062F38D /* en */,
			);
			name = InfoPlist.strings;
			sourceTree = "<group>";
		};
/* End PBXVariantGroup section */

/* Begin XCBuildConfiguration section */
		86034144161BB7380062F38D /* Debug */ = {
			isa = XCBuildConfiguration;
			buildSettings = {
				ALWAYS_SEARCH_USER_PATHS = NO;
				CLANG_CXX_LANGUAGE_STANDARD = "gnu++0x";
				CLANG_CXX_LIBRARY = "libc++";
				CLANG_ENABLE_OBJC_ARC = YES;
				CLANG_WARN_EMPTY_BODY = YES;
				CLANG_WARN__DUPLICATE_METHOD_MATCH = YES;
				"CODE_SIGN_IDENTITY[sdk=iphoneos*]" = "iPhone Developer";
				COPY_PHASE_STRIP = NO;
				GCC_C_LANGUAGE_STANDARD = gnu99;
				GCC_DYNAMIC_NO_PIC = NO;
				GCC_OPTIMIZATION_LEVEL = 0;
				GCC_PREPROCESSOR_DEFINITIONS = (
					"DEBUG=1",
					"$(inherited)",
				);
				GCC_SYMBOLS_PRIVATE_EXTERN = NO;
				GCC_WARN_ABOUT_RETURN_TYPE = YES;
				GCC_WARN_UNINITIALIZED_AUTOS = YES;
				GCC_WARN_UNUSED_VARIABLE = YES;
				IPHONEOS_DEPLOYMENT_TARGET = 6.0;
				SDKROOT = iphoneos;
				TARGETED_DEVICE_FAMILY = "1,2";
			};
			name = Debug;
		};
		86034145161BB7380062F38D /* Release */ = {
			isa = XCBuildConfiguration;
			buildSettings = {
				ALWAYS_SEARCH_USER_PATHS = NO;
				CLANG_CXX_LANGUAGE_STANDARD = "gnu++0x";
				CLANG_CXX_LIBRARY = "libc++";
				CLANG_ENABLE_OBJC_ARC = YES;
				CLANG_WARN_EMPTY_BODY = YES;
				CLANG_WARN__DUPLICATE_METHOD_MATCH = YES;
				"CODE_SIGN_IDENTITY[sdk=iphoneos*]" = "iPhone Developer";
				COPY_PHASE_STRIP = YES;
				GCC_C_LANGUAGE_STANDARD = gnu99;
				GCC_WARN_ABOUT_RETURN_TYPE = YES;
				GCC_WARN_UNINITIALIZED_AUTOS = YES;
				GCC_WARN_UNUSED_VARIABLE = YES;
				IPHONEOS_DEPLOYMENT_TARGET = 6.0;
				OTHER_CFLAGS = "-DNS_BLOCK_ASSERTIONS=1";
				SDKROOT = iphoneos;
				TARGETED_DEVICE_FAMILY = "1,2";
				VALIDATE_PRODUCT = YES;
			};
			name = Release;
		};
		86034147161BB7380062F38D /* Debug */ = {
			isa = XCBuildConfiguration;
			buildSettings = {
				FRAMEWORK_SEARCH_PATHS = (
					"$(inherited)",
					"\"$(SRCROOT)\"",
				);
				GCC_PRECOMPILE_PREFIX_HEADER = YES;
				GCC_PREFIX_HEADER = "RNBoilerplate/RNBoilerplate-Prefix.pch";
				INFOPLIST_FILE = "RNBoilerplate/RNBoilerplate-Info.plist";
				IPHONEOS_DEPLOYMENT_TARGET = 6.0;
				LIBRARY_SEARCH_PATHS = (
					"$(inherited)",
					"\"$(SRCROOT)/Testflight\"",
					"\"$(SRCROOT)/FlurryAnalytics\"",
				);
				PRODUCT_NAME = "$(TARGET_NAME)";
				WRAPPER_EXTENSION = app;
			};
			name = Debug;
		};
		86034148161BB7380062F38D /* Release */ = {
			isa = XCBuildConfiguration;
			buildSettings = {
				FRAMEWORK_SEARCH_PATHS = (
					"$(inherited)",
					"\"$(SRCROOT)\"",
				);
				GCC_PRECOMPILE_PREFIX_HEADER = YES;
				GCC_PREFIX_HEADER = "RNBoilerplate/RNBoilerplate-Prefix.pch";
				INFOPLIST_FILE = "RNBoilerplate/RNBoilerplate-Info.plist";
				IPHONEOS_DEPLOYMENT_TARGET = 6.0;
				LIBRARY_SEARCH_PATHS = (
					"$(inherited)",
					"\"$(SRCROOT)/Testflight\"",
					"\"$(SRCROOT)/FlurryAnalytics\"",
				);
				PRODUCT_NAME = "$(TARGET_NAME)";
				WRAPPER_EXTENSION = app;
			};
			name = Release;
		};
		8603414A161BB7380062F38D /* Debug */ = {
			isa = XCBuildConfiguration;
			buildSettings = {
				BUNDLE_LOADER = "$(BUILT_PRODUCTS_DIR)/RNBoilerplate.app/RNBoilerplate";
				FRAMEWORK_SEARCH_PATHS = (
					"\"$(SDKROOT)/Developer/Library/Frameworks\"",
					"\"$(DEVELOPER_LIBRARY_DIR)/Frameworks\"",
				);
				GCC_PRECOMPILE_PREFIX_HEADER = YES;
				GCC_PREFIX_HEADER = "RNBoilerplate/RNBoilerplate-Prefix.pch";
				INFOPLIST_FILE = "RNBoilerplateTests/RNBoilerplateTests-Info.plist";
				PRODUCT_NAME = "$(TARGET_NAME)";
				TEST_HOST = "$(BUNDLE_LOADER)";
				WRAPPER_EXTENSION = octest;
			};
			name = Debug;
		};
		8603414B161BB7380062F38D /* Release */ = {
			isa = XCBuildConfiguration;
			buildSettings = {
				BUNDLE_LOADER = "$(BUILT_PRODUCTS_DIR)/RNBoilerplate.app/RNBoilerplate";
				FRAMEWORK_SEARCH_PATHS = (
					"\"$(SDKROOT)/Developer/Library/Frameworks\"",
					"\"$(DEVELOPER_LIBRARY_DIR)/Frameworks\"",
				);
				GCC_PRECOMPILE_PREFIX_HEADER = YES;
				GCC_PREFIX_HEADER = "RNBoilerplate/RNBoilerplate-Prefix.pch";
				INFOPLIST_FILE = "RNBoilerplateTests/RNBoilerplateTests-Info.plist";
				PRODUCT_NAME = "$(TARGET_NAME)";
				TEST_HOST = "$(BUNDLE_LOADER)";
				WRAPPER_EXTENSION = octest;
			};
			name = Release;
		};
/* End XCBuildConfiguration section */

/* Begin XCConfigurationList section */
		86034107161BB7370062F38D /* Build configuration list for PBXProject "RNBoilerplate" */ = {
			isa = XCConfigurationList;
			buildConfigurations = (
				86034144161BB7380062F38D /* Debug */,
				86034145161BB7380062F38D /* Release */,
			);
			defaultConfigurationIsVisible = 0;
			defaultConfigurationName = Release;
		};
		86034146161BB7380062F38D /* Build configuration list for PBXNativeTarget "RNBoilerplate" */ = {
			isa = XCConfigurationList;
			buildConfigurations = (
				86034147161BB7380062F38D /* Debug */,
				86034148161BB7380062F38D /* Release */,
			);
			defaultConfigurationIsVisible = 0;
			defaultConfigurationName = Release;
		};
		86034149161BB7380062F38D /* Build configuration list for PBXNativeTarget "RNBoilerplateTests" */ = {
			isa = XCConfigurationList;
			buildConfigurations = (
				8603414A161BB7380062F38D /* Debug */,
				8603414B161BB7380062F38D /* Release */,
			);
			defaultConfigurationIsVisible = 0;
			defaultConfigurationName = Release;
		};
/* End XCConfigurationList section */

/* Begin XCVersionGroup section */
		8603412B161BB7380062F38D /* RNBoilerplate.xcdatamodeld */ = {
			isa = XCVersionGroup;
			children = (
				8603412C161BB7380062F38D /* RNBoilerplate.xcdatamodel */,
			);
			currentVersion = 8603412C161BB7380062F38D /* RNBoilerplate.xcdatamodel */;
			path = RNBoilerplate.xcdatamodeld;
			sourceTree = "<group>";
			versionGroupType = wrapper.xcdatamodel;
		};
/* End XCVersionGroup section */
	};
	rootObject = 86034104161BB7370062F38D /* Project object */;
}
